// !$*UTF8*$!
{
	archiveVersion = 1;
	classes = {
	};
	objectVersion = 50;
	objects = {

/* Begin PBXBuildFile section */
		E0BD9D0C20DAC5FC00BACAAF /* AppDelegate.m in Sources */ = {isa = PBXBuildFile; fileRef = E0BD9D0B20DAC5FC00BACAAF /* AppDelegate.m */; };
		E0BD9D1220DAC5FC00BACAAF /* Main.storyboard in Resources */ = {isa = PBXBuildFile; fileRef = E0BD9D1020DAC5FC00BACAAF /* Main.storyboard */; };
		E0BD9D1420DAC5FD00BACAAF /* Assets.xcassets in Resources */ = {isa = PBXBuildFile; fileRef = E0BD9D1320DAC5FD00BACAAF /* Assets.xcassets */; };
		E0BD9D1720DAC5FD00BACAAF /* LaunchScreen.storyboard in Resources */ = {isa = PBXBuildFile; fileRef = E0BD9D1520DAC5FD00BACAAF /* LaunchScreen.storyboard */; };
		E0BD9D1A20DAC5FD00BACAAF /* main.m in Sources */ = {isa = PBXBuildFile; fileRef = E0BD9D1920DAC5FD00BACAAF /* main.m */; };
		E0BD9D2220DAC91500BACAAF /* MyViewController.m in Sources */ = {isa = PBXBuildFile; fileRef = E0BD9D2120DAC91500BACAAF /* MyViewController.m */; };
		E0BD9D2520DACAAC00BACAAF /* MyCollectionViewCell.m in Sources */ = {isa = PBXBuildFile; fileRef = E0BD9D2420DACAAC00BACAAF /* MyCollectionViewCell.m */; };
/* End PBXBuildFile section */

/* Begin PBXFileReference section */
		E0BD9D0720DAC5FC00BACAAF /* InstaKilo.app */ = {isa = PBXFileReference; explicitFileType = wrapper.application; includeInIndex = 0; path = InstaKilo.app; sourceTree = BUILT_PRODUCTS_DIR; };
		E0BD9D0A20DAC5FC00BACAAF /* AppDelegate.h */ = {isa = PBXFileReference; lastKnownFileType = sourcecode.c.h; path = AppDelegate.h; sourceTree = "<group>"; };
		E0BD9D0B20DAC5FC00BACAAF /* AppDelegate.m */ = {isa = PBXFileReference; lastKnownFileType = sourcecode.c.objc; path = AppDelegate.m; sourceTree = "<group>"; };
		E0BD9D1120DAC5FC00BACAAF /* Base */ = {isa = PBXFileReference; lastKnownFileType = file.storyboard; name = Base; path = Base.lproj/Main.storyboard; sourceTree = "<group>"; };
		E0BD9D1320DAC5FD00BACAAF /* Assets.xcassets */ = {isa = PBXFileReference; lastKnownFileType = folder.assetcatalog; path = Assets.xcassets; sourceTree = "<group>"; };
		E0BD9D1620DAC5FD00BACAAF /* Base */ = {isa = PBXFileReference; lastKnownFileType = file.storyboard; name = Base; path = Base.lproj/LaunchScreen.storyboard; sourceTree = "<group>"; };
		E0BD9D1820DAC5FD00BACAAF /* Info.plist */ = {isa = PBXFileReference; lastKnownFileType = text.plist.xml; path = Info.plist; sourceTree = "<group>"; };
		E0BD9D1920DAC5FD00BACAAF /* main.m */ = {isa = PBXFileReference; lastKnownFileType = sourcecode.c.objc; path = main.m; sourceTree = "<group>"; };
		E0BD9D2020DAC91500BACAAF /* MyViewController.h */ = {isa = PBXFileReference; lastKnownFileType = sourcecode.c.h; path = MyViewController.h; sourceTree = "<group>"; };
		E0BD9D2120DAC91500BACAAF /* MyViewController.m */ = {isa = PBXFileReference; lastKnownFileType = sourcecode.c.objc; path = MyViewController.m; sourceTree = "<group>"; };
		E0BD9D2320DACAAC00BACAAF /* MyCollectionViewCell.h */ = {isa = PBXFileReference; lastKnownFileType = sourcecode.c.h; path = MyCollectionViewCell.h; sourceTree = "<group>"; };
		E0BD9D2420DACAAC00BACAAF /* MyCollectionViewCell.m */ = {isa = PBXFileReference; lastKnownFileType = sourcecode.c.objc; path = MyCollectionViewCell.m; sourceTree = "<group>"; };
/* End PBXFileReference section */

/* Begin PBXFrameworksBuildPhase section */
		E0BD9D0420DAC5FC00BACAAF /* Frameworks */ = {
			isa = PBXFrameworksBuildPhase;
			buildActionMask = 2147483647;
			files = (
			);
			runOnlyForDeploymentPostprocessing = 0;
		};
/* End PBXFrameworksBuildPhase section */

/* Begin PBXGroup section */
		E0BD9CFE20DAC5FC00BACAAF = {
			isa = PBXGroup;
			children = (
				E0BD9D0920DAC5FC00BACAAF /* InstaKilo */,
				E0BD9D0820DAC5FC00BACAAF /* Products */,
			);
			sourceTree = "<group>";
		};
		E0BD9D0820DAC5FC00BACAAF /* Products */ = {
			isa = PBXGroup;
			children = (
				E0BD9D0720DAC5FC00BACAAF /* InstaKilo.app */,
			);
			name = Products;
			sourceTree = "<group>";
		};
		E0BD9D0920DAC5FC00BACAAF /* InstaKilo */ = {
			isa = PBXGroup;
			children = (
				E0BD9D0A20DAC5FC00BACAAF /* AppDelegate.h */,
				E0BD9D0B20DAC5FC00BACAAF /* AppDelegate.m */,
				E0BD9D1020DAC5FC00BACAAF /* Main.storyboard */,
				E0BD9D2020DAC91500BACAAF /* MyViewController.h */,
				E0BD9D2120DAC91500BACAAF /* MyViewController.m */,
				E0BD9D2320DACAAC00BACAAF /* MyCollectionViewCell.h */,
				E0BD9D2420DACAAC00BACAAF /* MyCollectionViewCell.m */,
				E0BD9D1320DAC5FD00BACAAF /* Assets.xcassets */,
				E0BD9D1520DAC5FD00BACAAF /* LaunchScreen.storyboard */,
				E0BD9D1820DAC5FD00BACAAF /* Info.plist */,
				E0BD9D1920DAC5FD00BACAAF /* main.m */,
			);
			path = InstaKilo;
			sourceTree = "<group>";
		};
/* End PBXGroup section */

/* Begin PBXNativeTarget section */
		E0BD9D0620DAC5FC00BACAAF /* InstaKilo */ = {
			isa = PBXNativeTarget;
			buildConfigurationList = E0BD9D1D20DAC5FD00BACAAF /* Build configuration list for PBXNativeTarget "InstaKilo" */;
			buildPhases = (
				E0BD9D0320DAC5FC00BACAAF /* Sources */,
				E0BD9D0420DAC5FC00BACAAF /* Frameworks */,
				E0BD9D0520DAC5FC00BACAAF /* Resources */,
			);
			buildRules = (
			);
			dependencies = (
			);
			name = InstaKilo;
			productName = InstaKilo;
			productReference = E0BD9D0720DAC5FC00BACAAF /* InstaKilo.app */;
			productType = "com.apple.product-type.application";
		};
/* End PBXNativeTarget section */

/* Begin PBXProject section */
		E0BD9CFF20DAC5FC00BACAAF /* Project object */ = {
			isa = PBXProject;
			attributes = {
				LastUpgradeCheck = 0940;
				ORGANIZATIONNAME = "Ahmad Hobby";
				TargetAttributes = {
					E0BD9D0620DAC5FC00BACAAF = {
						CreatedOnToolsVersion = 9.4.1;
					};
				};
			};
			buildConfigurationList = E0BD9D0220DAC5FC00BACAAF /* Build configuration list for PBXProject "InstaKilo" */;
			compatibilityVersion = "Xcode 9.3";
			developmentRegion = en;
			hasScannedForEncodings = 0;
			knownRegions = (
				en,
				Base,
			);
			mainGroup = E0BD9CFE20DAC5FC00BACAAF;
			productRefGroup = E0BD9D0820DAC5FC00BACAAF /* Products */;
			projectDirPath = "";
			projectRoot = "";
			targets = (
				E0BD9D0620DAC5FC00BACAAF /* InstaKilo */,
			);
		};
/* End PBXProject section */

/* Begin PBXResourcesBuildPhase section */
		E0BD9D0520DAC5FC00BACAAF /* Resources */ = {
			isa = PBXResourcesBuildPhase;
			buildActionMask = 2147483647;
			files = (
				E0BD9D1720DAC5FD00BACAAF /* LaunchScreen.storyboard in Resources */,
				E0BD9D1420DAC5FD00BACAAF /* Assets.xcassets in Resources */,
				E0BD9D1220DAC5FC00BACAAF /* Main.storyboard in Resources */,
			);
			runOnlyForDeploymentPostprocessing = 0;
		};
/* End PBXResourcesBuildPhase section */

/* Begin PBXSourcesBuildPhase section */
		E0BD9D0320DAC5FC00BACAAF /* Sources */ = {
			isa = PBXSourcesBuildPhase;
			buildActionMask = 2147483647;
			files = (
				E0BD9D1A20DAC5FD00BACAAF /* main.m in Sources */,
				E0BD9D2220DAC91500BACAAF /* MyViewController.m in Sources */,
				E0BD9D2520DACAAC00BACAAF /* MyCollectionViewCell.m in Sources */,
				E0BD9D0C20DAC5FC00BACAAF /* AppDelegate.m in Sources */,
			);
			runOnlyForDeploymentPostprocessing = 0;
		};
/* End PBXSourcesBuildPhase section */

/* Begin PBXVariantGroup section */
		E0BD9D1020DAC5FC00BACAAF /* Main.storyboard */ = {
			isa = PBXVariantGroup;
			children = (
				E0BD9D1120DAC5FC00BACAAF /* Base */,
			);
			name = Main.storyboard;
			sourceTree = "<group>";
		};
		E0BD9D1520DAC5FD00BACAAF /* LaunchScreen.storyboard */ = {
			isa = PBXVariantGroup;
			children = (
				E0BD9D1620DAC5FD00BACAAF /* Base */,
			);
			name = LaunchScreen.storyboard;
			sourceTree = "<group>";
		};
/* End PBXVariantGroup section */

/* Begin XCBuildConfiguration section */
		E0BD9D1B20DAC5FD00BACAAF /* Debug */ = {
			isa = XCBuildConfiguration;
			buildSettings = {
				ALWAYS_SEARCH_USER_PATHS = NO;
				CLANG_ANALYZER_NONNULL = YES;
				CLANG_ANALYZER_NUMBER_OBJECT_CONVERSION = YES_AGGRESSIVE;
				CLANG_CXX_LANGUAGE_STANDARD = "gnu++14";
				CLANG_CXX_LIBRARY = "libc++";
				CLANG_ENABLE_MODULES = YES;
				CLANG_ENABLE_OBJC_ARC = YES;
				CLANG_ENABLE_OBJC_WEAK = YES;
				CLANG_WARN_BLOCK_CAPTURE_AUTORELEASING = YES;
				CLANG_WARN_BOOL_CONVERSION = YES;
				CLANG_WARN_COMMA = YES;
				CLANG_WARN_CONSTANT_CONVERSION = YES;
				CLANG_WARN_DEPRECATED_OBJC_IMPLEMENTATIONS = YES;
				CLANG_WARN_DIRECT_OBJC_ISA_USAGE = YES_ERROR;
				CLANG_WARN_DOCUMENTATION_COMMENTS = YES;
				CLANG_WARN_EMPTY_BODY = YES;
				CLANG_WARN_ENUM_CONVERSION = YES;
				CLANG_WARN_INFINITE_RECURSION = YES;
				CLANG_WARN_INT_CONVERSION = YES;
				CLANG_WARN_NON_LITERAL_NULL_CONVERSION = YES;
				CLANG_WARN_OBJC_IMPLICIT_RETAIN_SELF = YES;
				CLANG_WARN_OBJC_LITERAL_CONVERSION = YES;
				CLANG_WARN_OBJC_ROOT_CLASS = YES_ERROR;
				CLANG_WARN_RANGE_LOOP_ANALYSIS = YES;
				CLANG_WARN_STRICT_PROTOTYPES = YES;
				CLANG_WARN_SUSPICIOUS_MOVE = YES;
				CLANG_WARN_UNGUARDED_AVAILABILITY = YES_AGGRESSIVE;
				CLANG_WARN_UNREACHABLE_CODE = YES;
				CLANG_WARN__DUPLICATE_METHOD_MATCH = YES;
				CODE_SIGN_IDENTITY = "iPhone Developer";
				COPY_PHASE_STRIP = NO;
				DEBUG_INFORMATION_FORMAT = dwarf;
				ENABLE_STRICT_OBJC_MSGSEND = YES;
				ENABLE_TESTABILITY = YES;
				GCC_C_LANGUAGE_STANDARD = gnu11;
				GCC_DYNAMIC_NO_PIC = NO;
				GCC_NO_COMMON_BLOCKS = YES;
				GCC_OPTIMIZATION_LEVEL = 0;
				GCC_PREPROCESSOR_DEFINITIONS = (
					"DEBUG=1",
					"$(inherited)",
				);
				GCC_WARN_64_TO_32_BIT_CONVERSION = YES;
				GCC_WARN_ABOUT_RETURN_TYPE = YES_ERROR;
				GCC_WARN_UNDECLARED_SELECTOR = YES;
				GCC_WARN_UNINITIALIZED_AUTOS = YES_AGGRESSIVE;
				GCC_WARN_UNUSED_FUNCTION = YES;
				GCC_WARN_UNUSED_VARIABLE = YES;
				IPHONEOS_DEPLOYMENT_TARGET = 11.4;
				MTL_ENABLE_DEBUG_INFO = YES;
				ONLY_ACTIVE_ARCH = YES;
				SDKROOT = iphoneos;
			};
			name = Debug;
		};
		E0BD9D1C20DAC5FD00BACAAF /* Release */ = {
			isa = XCBuildConfiguration;
			buildSettings = {
				ALWAYS_SEARCH_USER_PATHS = NO;
				CLANG_ANALYZER_NONNULL = YES;
				CLANG_ANALYZER_NUMBER_OBJECT_CONVERSION = YES_AGGRESSIVE;
				CLANG_CXX_LANGUAGE_STANDARD = "gnu++14";
				CLANG_CXX_LIBRARY = "libc++";
				CLANG_ENABLE_MODULES = YES;
				CLANG_ENABLE_OBJC_ARC = YES;
				CLANG_ENABLE_OBJC_WEAK = YES;
				CLANG_WARN_BLOCK_CAPTURE_AUTORELEASING = YES;
				CLANG_WARN_BOOL_CONVERSION = YES;
				CLANG_WARN_COMMA = YES;
				CLANG_WARN_CONSTANT_CONVERSION = YES;
				CLANG_WARN_DEPRECATED_OBJC_IMPLEMENTATIONS = YES;
				CLANG_WARN_DIRECT_OBJC_ISA_USAGE = YES_ERROR;
				CLANG_WARN_DOCUMENTATION_COMMENTS = YES;
				CLANG_WARN_EMPTY_BODY = YES;
				CLANG_WARN_ENUM_CONVERSION = YES;
				CLANG_WARN_INFINITE_RECURSION = YES;
				CLANG_WARN_INT_CONVERSION = YES;
				CLANG_WARN_NON_LITERAL_NULL_CONVERSION = YES;
				CLANG_WARN_OBJC_IMPLICIT_RETAIN_SELF = YES;
				CLANG_WARN_OBJC_LITERAL_CONVERSION = YES;
				CLANG_WARN_OBJC_ROOT_CLASS = YES_ERROR;
				CLANG_WARN_RANGE_LOOP_ANALYSIS = YES;
				CLANG_WARN_STRICT_PROTOTYPES = YES;
				CLANG_WARN_SUSPICIOUS_MOVE = YES;
				CLANG_WARN_UNGUARDED_AVAILABILITY = YES_AGGRESSIVE;
				CLANG_WARN_UNREACHABLE_CODE = YES;
				CLANG_WARN__DUPLICATE_METHOD_MATCH = YES;
				CODE_SIGN_IDENTITY = "iPhone Developer";
				COPY_PHASE_STRIP = NO;
				DEBUG_INFORMATION_FORMAT = "dwarf-with-dsym";
				ENABLE_NS_ASSERTIONS = NO;
				ENABLE_STRICT_OBJC_MSGSEND = YES;
				GCC_C_LANGUAGE_STANDARD = gnu11;
				GCC_NO_COMMON_BLOCKS = YES;
				GCC_WARN_64_TO_32_BIT_CONVERSION = YES;
				GCC_WARN_ABOUT_RETURN_TYPE = YES_ERROR;
				GCC_WARN_UNDECLARED_SELECTOR = YES;
				GCC_WARN_UNINITIALIZED_AUTOS = YES_AGGRESSIVE;
				GCC_WARN_UNUSED_FUNCTION = YES;
				GCC_WARN_UNUSED_VARIABLE = YES;
				IPHONEOS_DEPLOYMENT_TARGET = 11.4;
				MTL_ENABLE_DEBUG_INFO = NO;
				SDKROOT = iphoneos;
				VALIDATE_PRODUCT = YES;
			};
			name = Release;
		};
		E0BD9D1E20DAC5FD00BACAAF /* Debug */ = {
			isa = XCBuildConfiguration;
			buildSettings = {
				ASSETCATALOG_COMPILER_APPICON_NAME = AppIcon;
				CODE_SIGN_STYLE = Automatic;
				DEVELOPMENT_TEAM = 8UNCX67DG3;
				INFOPLIST_FILE = InstaKilo/Info.plist;
				LD_RUNPATH_SEARCH_PATHS = (
					"$(inherited)",
					"@executable_path/Frameworks",
				);
				PRODUCT_BUNDLE_IDENTIFIER = com.ahmadhobby.InstaKilo;
				PRODUCT_NAME = "$(TARGET_NAME)";
				TARGETED_DEVICE_FAMILY = "1,2";
			};
			name = Debug;
		};
		E0BD9D1F20DAC5FD00BACAAF /* Release */ = {
			isa = XCBuildConfiguration;
			buildSettings = {
				ASSETCATALOG_COMPILER_APPICON_NAME = AppIcon;
				CODE_SIGN_STYLE = Automatic;
				DEVELOPMENT_TEAM = 8UNCX67DG3;
				INFOPLIST_FILE = InstaKilo/Info.plist;
				LD_RUNPATH_SEARCH_PATHS = (
					"$(inherited)",
					"@executable_path/Frameworks",
				);
				PRODUCT_BUNDLE_IDENTIFIER = com.ahmadhobby.InstaKilo;
				PRODUCT_NAME = "$(TARGET_NAME)";
				TARGETED_DEVICE_FAMILY = "1,2";
			};
			name = Release;
		};
/* End XCBuildConfiguration section */

/* Begin XCConfigurationList section */
		E0BD9D0220DAC5FC00BACAAF /* Build configuration list for PBXProject "InstaKilo" */ = {
			isa = XCConfigurationList;
			buildConfigurations = (
				E0BD9D1B20DAC5FD00BACAAF /* Debug */,
				E0BD9D1C20DAC5FD00BACAAF /* Release */,
			);
			defaultConfigurationIsVisible = 0;
			defaultConfigurationName = Release;
		};
		E0BD9D1D20DAC5FD00BACAAF /* Build configuration list for PBXNativeTarget "InstaKilo" */ = {
			isa = XCConfigurationList;
			buildConfigurations = (
				E0BD9D1E20DAC5FD00BACAAF /* Debug */,
				E0BD9D1F20DAC5FD00BACAAF /* Release */,
			);
			defaultConfigurationIsVisible = 0;
			defaultConfigurationName = Release;
		};
/* End XCConfigurationList section */
	};
	rootObject = E0BD9CFF20DAC5FC00BACAAF /* Project object */;
}
